
Microsoft Visual Studio Solution File, Format Version 12.00
# Visual Studio Version 17
VisualStudioVersion = 17.0.32002.185
MinimumVisualStudioVersion = 10.0.40219.1
Project("{FAE04EC0-301F-11D3-BF4B-00C04F79EFBC}") = "nishshop", "nishshop\nishshop.csproj", "{ED11DE22-EC41-4D41-91F9-0820A1EF9B7F}"
EndProject
Global
	GlobalSection(SolutionConfigurationPlatforms) = preSolution
		Debug|Any CPU = Debug|Any CPU
		Release|Any CPU = Release|Any CPU
	EndGlobalSection
	GlobalSection(ProjectConfigurationPlatforms) = postSolution
		{ED11DE22-EC41-4D41-91F9-0820A1EF9B7F}.Debug|Any CPU.ActiveCfg = Debug|Any CPU
		{ED11DE22-EC41-4D41-91F9-0820A1EF9B7F}.Debug|Any CPU.Build.0 = Debug|Any CPU
		{ED11DE22-EC41-4D41-91F9-0820A1EF9B7F}.Release|Any CPU.ActiveCfg = Release|Any CPU
		{ED11DE22-EC41-4D41-91F9-0820A1EF9B7F}.Release|Any CPU.Build.0 = Release|Any CPU
	EndGlobalSection
	GlobalSection(SolutionProperties) = preSolution
		HideSolutionNode = FALSE
	EndGlobalSection
	GlobalSection(ExtensibilityGlobals) = postSolution
		SolutionGuid = {382D84D1-11BD-4D7D-A9DA-D5C8F758D134}
	EndGlobalSection
EndGlobal
